// !$*UTF8*$!
{
	archiveVersion = 1;
	classes = {
	};
	objectVersion = 51;
	objects = {

/* Begin PBXBuildFile section */
		27C1147420EEBFDB00869BFF /* AppDelegate.swift in Sources */ = {isa = PBXBuildFile; fileRef = 27C1147320EEBFDB00869BFF /* AppDelegate.swift */; };
		27C1147920EEBFDB00869BFF /* Main.storyboard in Resources */ = {isa = PBXBuildFile; fileRef = 27C1147720EEBFDB00869BFF /* Main.storyboard */; };
		27C1147B20EEBFDD00869BFF /* Assets.xcassets in Resources */ = {isa = PBXBuildFile; fileRef = 27C1147A20EEBFDD00869BFF /* Assets.xcassets */; };
		27C1147E20EEBFDD00869BFF /* LaunchScreen.storyboard in Resources */ = {isa = PBXBuildFile; fileRef = 27C1147C20EEBFDD00869BFF /* LaunchScreen.storyboard */; };
		674C5D7C25F7AED300343FEC /* PasswordViewController.swift in Sources */ = {isa = PBXBuildFile; fileRef = 674C5D7B25F7AED300343FEC /* PasswordViewController.swift */; };
		674C5D8025F7B60300343FEC /* Password.swift in Sources */ = {isa = PBXBuildFile; fileRef = 674C5D7F25F7B60300343FEC /* Password.swift */; };
		674C5D8425F7B64F00343FEC /* PasswordViewModel.swift in Sources */ = {isa = PBXBuildFile; fileRef = 674C5D8325F7B64F00343FEC /* PasswordViewModel.swift */; };
		674C5D8C25F7F45D00343FEC /* .gitignore in Resources */ = {isa = PBXBuildFile; fileRef = 674C5D8B25F7F45D00343FEC /* .gitignore */; };
		677A991625FFE38C00D084EF /* PasswordViewModelTests.swift in Sources */ = {isa = PBXBuildFile; fileRef = 677A991525FFE38C00D084EF /* PasswordViewModelTests.swift */; };
		677A991A25FFFE2600D084EF /* PasswordConstants.swift in Sources */ = {isa = PBXBuildFile; fileRef = 677A991925FFFE2600D084EF /* PasswordConstants.swift */; };
		67ED6F7925F8FF5C004E09C7 /* PasswordViewControllerTests.swift in Sources */ = {isa = PBXBuildFile; fileRef = 67ED6F7825F8FF5C004E09C7 /* PasswordViewControllerTests.swift */; };
		8E6416D32F2FEC6F593FAC49 /* Pods_GeradorDeSenhas.framework in Frameworks */ = {isa = PBXBuildFile; fileRef = 219A393BAE70710AD7436AE7 /* Pods_GeradorDeSenhas.framework */; };
/* End PBXBuildFile section */

/* Begin PBXContainerItemProxy section */
		67ED6F6325F8F7CE004E09C7 /* PBXContainerItemProxy */ = {
			isa = PBXContainerItemProxy;
			containerPortal = 27C1146820EEBFDB00869BFF /* Project object */;
			proxyType = 1;
			remoteGlobalIDString = 27C1146F20EEBFDB00869BFF;
			remoteInfo = GeradorDeSenhas;
		};
/* End PBXContainerItemProxy section */

/* Begin PBXFileReference section */
		219A393BAE70710AD7436AE7 /* Pods_GeradorDeSenhas.framework */ = {isa = PBXFileReference; explicitFileType = wrapper.framework; includeInIndex = 0; path = Pods_GeradorDeSenhas.framework; sourceTree = BUILT_PRODUCTS_DIR; };
		27C1147020EEBFDB00869BFF /* GeradorDeSenhas.app */ = {isa = PBXFileReference; explicitFileType = wrapper.application; includeInIndex = 0; path = GeradorDeSenhas.app; sourceTree = BUILT_PRODUCTS_DIR; };
		27C1147320EEBFDB00869BFF /* AppDelegate.swift */ = {isa = PBXFileReference; lastKnownFileType = sourcecode.swift; path = AppDelegate.swift; sourceTree = "<group>"; };
		27C1147820EEBFDB00869BFF /* Base */ = {isa = PBXFileReference; lastKnownFileType = file.storyboard; name = Base; path = Base.lproj/Main.storyboard; sourceTree = "<group>"; };
		27C1147A20EEBFDD00869BFF /* Assets.xcassets */ = {isa = PBXFileReference; lastKnownFileType = folder.assetcatalog; path = Assets.xcassets; sourceTree = "<group>"; };
		27C1147D20EEBFDD00869BFF /* Base */ = {isa = PBXFileReference; lastKnownFileType = file.storyboard; name = Base; path = Base.lproj/LaunchScreen.storyboard; sourceTree = "<group>"; };
		27C1147F20EEBFDD00869BFF /* Info.plist */ = {isa = PBXFileReference; lastKnownFileType = text.plist.xml; path = Info.plist; sourceTree = "<group>"; };
		57D3D83B1A5A899535538358 /* Pods-GeradorDeSenhas.release.xcconfig */ = {isa = PBXFileReference; includeInIndex = 1; lastKnownFileType = text.xcconfig; name = "Pods-GeradorDeSenhas.release.xcconfig"; path = "Target Support Files/Pods-GeradorDeSenhas/Pods-GeradorDeSenhas.release.xcconfig"; sourceTree = "<group>"; };
		674C5D7B25F7AED300343FEC /* PasswordViewController.swift */ = {isa = PBXFileReference; lastKnownFileType = sourcecode.swift; path = PasswordViewController.swift; sourceTree = "<group>"; };
		674C5D7F25F7B60300343FEC /* Password.swift */ = {isa = PBXFileReference; lastKnownFileType = sourcecode.swift; path = Password.swift; sourceTree = "<group>"; };
		674C5D8325F7B64F00343FEC /* PasswordViewModel.swift */ = {isa = PBXFileReference; lastKnownFileType = sourcecode.swift; path = PasswordViewModel.swift; sourceTree = "<group>"; };
		674C5D8B25F7F45D00343FEC /* .gitignore */ = {isa = PBXFileReference; fileEncoding = 4; lastKnownFileType = text; path = .gitignore; sourceTree = "<group>"; };
		677A991525FFE38C00D084EF /* PasswordViewModelTests.swift */ = {isa = PBXFileReference; lastKnownFileType = sourcecode.swift; path = PasswordViewModelTests.swift; sourceTree = "<group>"; };
		677A991925FFFE2600D084EF /* PasswordConstants.swift */ = {isa = PBXFileReference; lastKnownFileType = sourcecode.swift; path = PasswordConstants.swift; sourceTree = "<group>"; };
		67ED6F5E25F8F7CE004E09C7 /* GeradorDeSenhasTests.xctest */ = {isa = PBXFileReference; explicitFileType = wrapper.cfbundle; includeInIndex = 0; path = GeradorDeSenhasTests.xctest; sourceTree = BUILT_PRODUCTS_DIR; };
		67ED6F6225F8F7CE004E09C7 /* Info.plist */ = {isa = PBXFileReference; lastKnownFileType = text.plist.xml; path = Info.plist; sourceTree = "<group>"; };
		67ED6F7825F8FF5C004E09C7 /* PasswordViewControllerTests.swift */ = {isa = PBXFileReference; lastKnownFileType = sourcecode.swift; path = PasswordViewControllerTests.swift; sourceTree = "<group>"; };
		CCE1FDE6AA14FEF17EB446C1 /* Pods-GeradorDeSenhas.debug.xcconfig */ = {isa = PBXFileReference; includeInIndex = 1; lastKnownFileType = text.xcconfig; name = "Pods-GeradorDeSenhas.debug.xcconfig"; path = "Target Support Files/Pods-GeradorDeSenhas/Pods-GeradorDeSenhas.debug.xcconfig"; sourceTree = "<group>"; };
/* End PBXFileReference section */

/* Begin PBXFrameworksBuildPhase section */
		27C1146D20EEBFDB00869BFF /* Frameworks */ = {
			isa = PBXFrameworksBuildPhase;
			buildActionMask = 2147483647;
			files = (
				8E6416D32F2FEC6F593FAC49 /* Pods_GeradorDeSenhas.framework in Frameworks */,
			);
			runOnlyForDeploymentPostprocessing = 0;
		};
		67ED6F5B25F8F7CE004E09C7 /* Frameworks */ = {
			isa = PBXFrameworksBuildPhase;
			buildActionMask = 2147483647;
			files = (
			);
			runOnlyForDeploymentPostprocessing = 0;
		};
/* End PBXFrameworksBuildPhase section */

/* Begin PBXGroup section */
		27C1146720EEBFDB00869BFF = {
			isa = PBXGroup;
			children = (
				674C5D8B25F7F45D00343FEC /* .gitignore */,
				27C1147220EEBFDB00869BFF /* GeradorDeSenhas */,
				67ED6F5F25F8F7CE004E09C7 /* GeradorDeSenhasTests */,
				27C1147120EEBFDB00869BFF /* Products */,
				E77D99D504E89E568F82C83E /* Pods */,
				824E0A729E5DD1D3052C3675 /* Frameworks */,
			);
			sourceTree = "<group>";
		};
		27C1147120EEBFDB00869BFF /* Products */ = {
			isa = PBXGroup;
			children = (
				27C1147020EEBFDB00869BFF /* GeradorDeSenhas.app */,
				67ED6F5E25F8F7CE004E09C7 /* GeradorDeSenhasTests.xctest */,
			);
			name = Products;
			sourceTree = "<group>";
		};
		27C1147220EEBFDB00869BFF /* GeradorDeSenhas */ = {
			isa = PBXGroup;
			children = (
				674C5D8225F7B62700343FEC /* ViewModels */,
				674C5D7E25F7B5EB00343FEC /* Models */,
				674C5D7A25F7AEC000343FEC /* Controllers */,
				27C1147320EEBFDB00869BFF /* AppDelegate.swift */,
				27C1147720EEBFDB00869BFF /* Main.storyboard */,
				27C1147A20EEBFDD00869BFF /* Assets.xcassets */,
				27C1147C20EEBFDD00869BFF /* LaunchScreen.storyboard */,
				27C1147F20EEBFDD00869BFF /* Info.plist */,
				677A991925FFFE2600D084EF /* PasswordConstants.swift */,
			);
			path = GeradorDeSenhas;
			sourceTree = "<group>";
		};
		674C5D7A25F7AEC000343FEC /* Controllers */ = {
			isa = PBXGroup;
			children = (
				674C5D7B25F7AED300343FEC /* PasswordViewController.swift */,
			);
			path = Controllers;
			sourceTree = "<group>";
		};
		674C5D7E25F7B5EB00343FEC /* Models */ = {
			isa = PBXGroup;
			children = (
				674C5D7F25F7B60300343FEC /* Password.swift */,
			);
			path = Models;
			sourceTree = "<group>";
		};
		674C5D8225F7B62700343FEC /* ViewModels */ = {
			isa = PBXGroup;
			children = (
				674C5D8325F7B64F00343FEC /* PasswordViewModel.swift */,
			);
			path = ViewModels;
			sourceTree = "<group>";
		};
		67ED6F5F25F8F7CE004E09C7 /* GeradorDeSenhasTests */ = {
			isa = PBXGroup;
			children = (
				67ED6F6225F8F7CE004E09C7 /* Info.plist */,
				67ED6F7825F8FF5C004E09C7 /* PasswordViewControllerTests.swift */,
				677A991525FFE38C00D084EF /* PasswordViewModelTests.swift */,
			);
			path = GeradorDeSenhasTests;
			sourceTree = "<group>";
		};
		824E0A729E5DD1D3052C3675 /* Frameworks */ = {
			isa = PBXGroup;
			children = (
				219A393BAE70710AD7436AE7 /* Pods_GeradorDeSenhas.framework */,
			);
			name = Frameworks;
			sourceTree = "<group>";
		};
		E77D99D504E89E568F82C83E /* Pods */ = {
			isa = PBXGroup;
			children = (
				CCE1FDE6AA14FEF17EB446C1 /* Pods-GeradorDeSenhas.debug.xcconfig */,
				57D3D83B1A5A899535538358 /* Pods-GeradorDeSenhas.release.xcconfig */,
			);
			path = Pods;
			sourceTree = "<group>";
		};
/* End PBXGroup section */

/* Begin PBXNativeTarget section */
		27C1146F20EEBFDB00869BFF /* GeradorDeSenhas */ = {
			isa = PBXNativeTarget;
			buildConfigurationList = 27C1148220EEBFDD00869BFF /* Build configuration list for PBXNativeTarget "GeradorDeSenhas" */;
			buildPhases = (
				5D6FE11AB993D9689CC14D3D /* [CP] Check Pods Manifest.lock */,
				27C1146C20EEBFDB00869BFF /* Sources */,
				27C1146D20EEBFDB00869BFF /* Frameworks */,
				27C1146E20EEBFDB00869BFF /* Resources */,
				AF1B646724D250FDC8737A85 /* [CP] Embed Pods Frameworks */,
			);
			buildRules = (
			);
			dependencies = (
			);
			name = GeradorDeSenhas;
			productName = GeradorDeSenhas;
			productReference = 27C1147020EEBFDB00869BFF /* GeradorDeSenhas.app */;
			productType = "com.apple.product-type.application";
		};
		67ED6F5D25F8F7CE004E09C7 /* GeradorDeSenhasTests */ = {
			isa = PBXNativeTarget;
			buildConfigurationList = 67ED6F6725F8F7CE004E09C7 /* Build configuration list for PBXNativeTarget "GeradorDeSenhasTests" */;
			buildPhases = (
				67ED6F5A25F8F7CE004E09C7 /* Sources */,
				67ED6F5B25F8F7CE004E09C7 /* Frameworks */,
				67ED6F5C25F8F7CE004E09C7 /* Resources */,
			);
			buildRules = (
			);
			dependencies = (
				67ED6F6425F8F7CE004E09C7 /* PBXTargetDependency */,
			);
			name = GeradorDeSenhasTests;
			productName = GeradorDeSenhasTests;
			productReference = 67ED6F5E25F8F7CE004E09C7 /* GeradorDeSenhasTests.xctest */;
			productType = "com.apple.product-type.bundle.unit-test";
		};
/* End PBXNativeTarget section */

/* Begin PBXProject section */
		27C1146820EEBFDB00869BFF /* Project object */ = {
			isa = PBXProject;
			attributes = {
				LastSwiftUpdateCheck = 1240;
				LastUpgradeCheck = 1240;
				ORGANIZATIONNAME = "Rafael Oliveira";
				TargetAttributes = {
					27C1146F20EEBFDB00869BFF = {
						CreatedOnToolsVersion = 10.0;
						LastSwiftMigration = 1240;
					};
					67ED6F5D25F8F7CE004E09C7 = {
						CreatedOnToolsVersion = 12.4;
						LastSwiftMigration = 1240;
						TestTargetID = 27C1146F20EEBFDB00869BFF;
					};
				};
			};
			buildConfigurationList = 27C1146B20EEBFDB00869BFF /* Build configuration list for PBXProject "GeradorDeSenhas" */;
			compatibilityVersion = "Xcode 9.3";
			developmentRegion = en;
			hasScannedForEncodings = 0;
			knownRegions = (
				en,
				Base,
			);
			mainGroup = 27C1146720EEBFDB00869BFF;
			productRefGroup = 27C1147120EEBFDB00869BFF /* Products */;
			projectDirPath = "";
			projectRoot = "";
			targets = (
				27C1146F20EEBFDB00869BFF /* GeradorDeSenhas */,
				67ED6F5D25F8F7CE004E09C7 /* GeradorDeSenhasTests */,
			);
		};
/* End PBXProject section */

/* Begin PBXResourcesBuildPhase section */
		27C1146E20EEBFDB00869BFF /* Resources */ = {
			isa = PBXResourcesBuildPhase;
			buildActionMask = 2147483647;
			files = (
				674C5D8C25F7F45D00343FEC /* .gitignore in Resources */,
				27C1147E20EEBFDD00869BFF /* LaunchScreen.storyboard in Resources */,
				27C1147B20EEBFDD00869BFF /* Assets.xcassets in Resources */,
				27C1147920EEBFDB00869BFF /* Main.storyboard in Resources */,
			);
			runOnlyForDeploymentPostprocessing = 0;
		};
		67ED6F5C25F8F7CE004E09C7 /* Resources */ = {
			isa = PBXResourcesBuildPhase;
			buildActionMask = 2147483647;
			files = (
			);
			runOnlyForDeploymentPostprocessing = 0;
		};
/* End PBXResourcesBuildPhase section */

/* Begin PBXShellScriptBuildPhase section */
		5D6FE11AB993D9689CC14D3D /* [CP] Check Pods Manifest.lock */ = {
			isa = PBXShellScriptBuildPhase;
			buildActionMask = 2147483647;
			files = (
			);
			inputFileListPaths = (
			);
			inputPaths = (
				"${PODS_PODFILE_DIR_PATH}/Podfile.lock",
				"${PODS_ROOT}/Manifest.lock",
			);
			name = "[CP] Check Pods Manifest.lock";
			outputFileListPaths = (
			);
			outputPaths = (
				"$(DERIVED_FILE_DIR)/Pods-GeradorDeSenhas-checkManifestLockResult.txt",
			);
			runOnlyForDeploymentPostprocessing = 0;
			shellPath = /bin/sh;
			shellScript = "diff \"${PODS_PODFILE_DIR_PATH}/Podfile.lock\" \"${PODS_ROOT}/Manifest.lock\" > /dev/null\nif [ $? != 0 ] ; then\n    # print error to STDERR\n    echo \"error: The sandbox is not in sync with the Podfile.lock. Run 'pod install' or update your CocoaPods installation.\" >&2\n    exit 1\nfi\n# This output is used by Xcode 'outputs' to avoid re-running this script phase.\necho \"SUCCESS\" > \"${SCRIPT_OUTPUT_FILE_0}\"\n";
			showEnvVarsInLog = 0;
		};
		AF1B646724D250FDC8737A85 /* [CP] Embed Pods Frameworks */ = {
			isa = PBXShellScriptBuildPhase;
			buildActionMask = 2147483647;
			files = (
			);
			inputFileListPaths = (
				"${PODS_ROOT}/Target Support Files/Pods-GeradorDeSenhas/Pods-GeradorDeSenhas-frameworks-${CONFIGURATION}-input-files.xcfilelist",
			);
			name = "[CP] Embed Pods Frameworks";
			outputFileListPaths = (
				"${PODS_ROOT}/Target Support Files/Pods-GeradorDeSenhas/Pods-GeradorDeSenhas-frameworks-${CONFIGURATION}-output-files.xcfilelist",
			);
			runOnlyForDeploymentPostprocessing = 0;
			shellPath = /bin/sh;
			shellScript = "\"${PODS_ROOT}/Target Support Files/Pods-GeradorDeSenhas/Pods-GeradorDeSenhas-frameworks.sh\"\n";
			showEnvVarsInLog = 0;
		};
/* End PBXShellScriptBuildPhase section */

/* Begin PBXSourcesBuildPhase section */
		27C1146C20EEBFDB00869BFF /* Sources */ = {
			isa = PBXSourcesBuildPhase;
			buildActionMask = 2147483647;
			files = (
				674C5D8025F7B60300343FEC /* Password.swift in Sources */,
				27C1147420EEBFDB00869BFF /* AppDelegate.swift in Sources */,
				674C5D7C25F7AED300343FEC /* PasswordViewController.swift in Sources */,
				677A991A25FFFE2600D084EF /* PasswordConstants.swift in Sources */,
				674C5D8425F7B64F00343FEC /* PasswordViewModel.swift in Sources */,
			);
			runOnlyForDeploymentPostprocessing = 0;
		};
		67ED6F5A25F8F7CE004E09C7 /* Sources */ = {
			isa = PBXSourcesBuildPhase;
			buildActionMask = 2147483647;
			files = (
				67ED6F7925F8FF5C004E09C7 /* PasswordViewControllerTests.swift in Sources */,
				677A991625FFE38C00D084EF /* PasswordViewModelTests.swift in Sources */,
			);
			runOnlyForDeploymentPostprocessing = 0;
		};
/* End PBXSourcesBuildPhase section */

/* Begin PBXTargetDependency section */
		67ED6F6425F8F7CE004E09C7 /* PBXTargetDependency */ = {
			isa = PBXTargetDependency;
			target = 27C1146F20EEBFDB00869BFF /* GeradorDeSenhas */;
			targetProxy = 67ED6F6325F8F7CE004E09C7 /* PBXContainerItemProxy */;
		};
/* End PBXTargetDependency section */

/* Begin PBXVariantGroup section */
		27C1147720EEBFDB00869BFF /* Main.storyboard */ = {
			isa = PBXVariantGroup;
			children = (
				27C1147820EEBFDB00869BFF /* Base */,
			);
			name = Main.storyboard;
			sourceTree = "<group>";
		};
		27C1147C20EEBFDD00869BFF /* LaunchScreen.storyboard */ = {
			isa = PBXVariantGroup;
			children = (
				27C1147D20EEBFDD00869BFF /* Base */,
			);
			name = LaunchScreen.storyboard;
			sourceTree = "<group>";
		};
/* End PBXVariantGroup section */

/* Begin XCBuildConfiguration section */
		27C1148020EEBFDD00869BFF /* Debug */ = {
			isa = XCBuildConfiguration;
			buildSettings = {
				ALWAYS_SEARCH_USER_PATHS = NO;
				CLANG_ANALYZER_NONNULL = YES;
				CLANG_ANALYZER_NUMBER_OBJECT_CONVERSION = YES_AGGRESSIVE;
				CLANG_CXX_LANGUAGE_STANDARD = "gnu++14";
				CLANG_CXX_LIBRARY = "libc++";
				CLANG_ENABLE_MODULES = YES;
				CLANG_ENABLE_OBJC_ARC = YES;
				CLANG_ENABLE_OBJC_WEAK = YES;
				CLANG_WARN_BLOCK_CAPTURE_AUTORELEASING = YES;
				CLANG_WARN_BOOL_CONVERSION = YES;
				CLANG_WARN_COMMA = YES;
				CLANG_WARN_CONSTANT_CONVERSION = YES;
				CLANG_WARN_DEPRECATED_OBJC_IMPLEMENTATIONS = YES;
				CLANG_WARN_DIRECT_OBJC_ISA_USAGE = YES_ERROR;
				CLANG_WARN_DOCUMENTATION_COMMENTS = YES;
				CLANG_WARN_EMPTY_BODY = YES;
				CLANG_WARN_ENUM_CONVERSION = YES;
				CLANG_WARN_INFINITE_RECURSION = YES;
				CLANG_WARN_INT_CONVERSION = YES;
				CLANG_WARN_NON_LITERAL_NULL_CONVERSION = YES;
				CLANG_WARN_OBJC_IMPLICIT_RETAIN_SELF = YES;
				CLANG_WARN_OBJC_LITERAL_CONVERSION = YES;
				CLANG_WARN_OBJC_ROOT_CLASS = YES_ERROR;
				CLANG_WARN_QUOTED_INCLUDE_IN_FRAMEWORK_HEADER = YES;
				CLANG_WARN_RANGE_LOOP_ANALYSIS = YES;
				CLANG_WARN_STRICT_PROTOTYPES = YES;
				CLANG_WARN_SUSPICIOUS_MOVE = YES;
				CLANG_WARN_UNGUARDED_AVAILABILITY = YES_AGGRESSIVE;
				CLANG_WARN_UNREACHABLE_CODE = YES;
				CLANG_WARN__DUPLICATE_METHOD_MATCH = YES;
				CODE_SIGN_IDENTITY = "iPhone Developer";
				COPY_PHASE_STRIP = NO;
				DEBUG_INFORMATION_FORMAT = dwarf;
				ENABLE_STRICT_OBJC_MSGSEND = YES;
				ENABLE_TESTABILITY = YES;
				GCC_C_LANGUAGE_STANDARD = gnu11;
				GCC_DYNAMIC_NO_PIC = NO;
				GCC_NO_COMMON_BLOCKS = YES;
				GCC_OPTIMIZATION_LEVEL = 0;
				GCC_PREPROCESSOR_DEFINITIONS = (
					"DEBUG=1",
					"$(inherited)",
				);
				GCC_WARN_64_TO_32_BIT_CONVERSION = YES;
				GCC_WARN_ABOUT_RETURN_TYPE = YES_ERROR;
				GCC_WARN_UNDECLARED_SELECTOR = YES;
				GCC_WARN_UNINITIALIZED_AUTOS = YES_AGGRESSIVE;
				GCC_WARN_UNUSED_FUNCTION = YES;
				GCC_WARN_UNUSED_VARIABLE = YES;
				IPHONEOS_DEPLOYMENT_TARGET = 12.0;
				MTL_ENABLE_DEBUG_INFO = INCLUDE_SOURCE;
				ONLY_ACTIVE_ARCH = YES;
				SDKROOT = iphoneos;
				SWIFT_ACTIVE_COMPILATION_CONDITIONS = DEBUG;
				SWIFT_OPTIMIZATION_LEVEL = "-Onone";
			};
			name = Debug;
		};
		27C1148120EEBFDD00869BFF /* Release */ = {
			isa = XCBuildConfiguration;
			buildSettings = {
				ALWAYS_SEARCH_USER_PATHS = NO;
				CLANG_ANALYZER_NONNULL = YES;
				CLANG_ANALYZER_NUMBER_OBJECT_CONVERSION = YES_AGGRESSIVE;
				CLANG_CXX_LANGUAGE_STANDARD = "gnu++14";
				CLANG_CXX_LIBRARY = "libc++";
				CLANG_ENABLE_MODULES = YES;
				CLANG_ENABLE_OBJC_ARC = YES;
				CLANG_ENABLE_OBJC_WEAK = YES;
				CLANG_WARN_BLOCK_CAPTURE_AUTORELEASING = YES;
				CLANG_WARN_BOOL_CONVERSION = YES;
				CLANG_WARN_COMMA = YES;
				CLANG_WARN_CONSTANT_CONVERSION = YES;
				CLANG_WARN_DEPRECATED_OBJC_IMPLEMENTATIONS = YES;
				CLANG_WARN_DIRECT_OBJC_ISA_USAGE = YES_ERROR;
				CLANG_WARN_DOCUMENTATION_COMMENTS = YES;
				CLANG_WARN_EMPTY_BODY = YES;
				CLANG_WARN_ENUM_CONVERSION = YES;
				CLANG_WARN_INFINITE_RECURSION = YES;
				CLANG_WARN_INT_CONVERSION = YES;
				CLANG_WARN_NON_LITERAL_NULL_CONVERSION = YES;
				CLANG_WARN_OBJC_IMPLICIT_RETAIN_SELF = YES;
				CLANG_WARN_OBJC_LITERAL_CONVERSION = YES;
				CLANG_WARN_OBJC_ROOT_CLASS = YES_ERROR;
				CLANG_WARN_QUOTED_INCLUDE_IN_FRAMEWORK_HEADER = YES;
				CLANG_WARN_RANGE_LOOP_ANALYSIS = YES;
				CLANG_WARN_STRICT_PROTOTYPES = YES;
				CLANG_WARN_SUSPICIOUS_MOVE = YES;
				CLANG_WARN_UNGUARDED_AVAILABILITY = YES_AGGRESSIVE;
				CLANG_WARN_UNREACHABLE_CODE = YES;
				CLANG_WARN__DUPLICATE_METHOD_MATCH = YES;
				CODE_SIGN_IDENTITY = "iPhone Developer";
				COPY_PHASE_STRIP = NO;
				DEBUG_INFORMATION_FORMAT = "dwarf-with-dsym";
				ENABLE_NS_ASSERTIONS = NO;
				ENABLE_STRICT_OBJC_MSGSEND = YES;
				GCC_C_LANGUAGE_STANDARD = gnu11;
				GCC_NO_COMMON_BLOCKS = YES;
				GCC_WARN_64_TO_32_BIT_CONVERSION = YES;
				GCC_WARN_ABOUT_RETURN_TYPE = YES_ERROR;
				GCC_WARN_UNDECLARED_SELECTOR = YES;
				GCC_WARN_UNINITIALIZED_AUTOS = YES_AGGRESSIVE;
				GCC_WARN_UNUSED_FUNCTION = YES;
				GCC_WARN_UNUSED_VARIABLE = YES;
				IPHONEOS_DEPLOYMENT_TARGET = 12.0;
				MTL_ENABLE_DEBUG_INFO = NO;
				SDKROOT = iphoneos;
				SWIFT_COMPILATION_MODE = wholemodule;
				SWIFT_OPTIMIZATION_LEVEL = "-O";
				VALIDATE_PRODUCT = YES;
			};
			name = Release;
		};
		27C1148320EEBFDD00869BFF /* Debug */ = {
			isa = XCBuildConfiguration;
			baseConfigurationReference = CCE1FDE6AA14FEF17EB446C1 /* Pods-GeradorDeSenhas.debug.xcconfig */;
			buildSettings = {
				ASSETCATALOG_COMPILER_APPICON_NAME = AppIcon;
				CODE_SIGN_STYLE = Automatic;
				INFOPLIST_FILE = GeradorDeSenhas/Info.plist;
				LD_RUNPATH_SEARCH_PATHS = (
					"$(inherited)",
					"@executable_path/Frameworks",
				);
				PRODUCT_BUNDLE_IDENTIFIER = oneorafael.GeradorDeSenhas;
				PRODUCT_NAME = "$(TARGET_NAME)";
				SWIFT_VERSION = 5.0;
				TARGETED_DEVICE_FAMILY = 1;
			};
			name = Debug;
		};
		27C1148420EEBFDD00869BFF /* Release */ = {
			isa = XCBuildConfiguration;
			baseConfigurationReference = 57D3D83B1A5A899535538358 /* Pods-GeradorDeSenhas.release.xcconfig */;
			buildSettings = {
				ASSETCATALOG_COMPILER_APPICON_NAME = AppIcon;
				CODE_SIGN_STYLE = Automatic;
				INFOPLIST_FILE = GeradorDeSenhas/Info.plist;
				LD_RUNPATH_SEARCH_PATHS = (
					"$(inherited)",
					"@executable_path/Frameworks",
				);
				PRODUCT_BUNDLE_IDENTIFIER = oneorafael.GeradorDeSenhas;
				PRODUCT_NAME = "$(TARGET_NAME)";
				SWIFT_VERSION = 5.0;
				TARGETED_DEVICE_FAMILY = 1;
			};
			name = Release;
		};
		67ED6F6525F8F7CE004E09C7 /* Debug */ = {
			isa = XCBuildConfiguration;
			buildSettings = {
				BUNDLE_LOADER = "$(TEST_HOST)";
				CLANG_ENABLE_MODULES = YES;
				CODE_SIGN_STYLE = Automatic;
				DEVELOPMENT_TEAM = LW7U9NL7A7;
				INFOPLIST_FILE = GeradorDeSenhasTests/Info.plist;
				IPHONEOS_DEPLOYMENT_TARGET = 14.4;
				LD_RUNPATH_SEARCH_PATHS = (
					"$(inherited)",
					"@executable_path/Frameworks",
					"@loader_path/Frameworks",
				);
				MTL_FAST_MATH = YES;
				PRODUCT_BUNDLE_IDENTIFIER = com.rolvr.GeradorDeSenhasTests;
				PRODUCT_NAME = "$(TARGET_NAME)";
				SWIFT_OPTIMIZATION_LEVEL = "-Onone";
				SWIFT_VERSION = 5.0;
				TARGETED_DEVICE_FAMILY = "1,2";
				TEST_HOST = "$(BUILT_PRODUCTS_DIR)/GeradorDeSenhas.app/GeradorDeSenhas";
			};
			name = Debug;
		};
		67ED6F6625F8F7CE004E09C7 /* Release */ = {
			isa = XCBuildConfiguration;
			buildSettings = {
				BUNDLE_LOADER = "$(TEST_HOST)";
				CLANG_ENABLE_MODULES = YES;
				CODE_SIGN_STYLE = Automatic;
				DEVELOPMENT_TEAM = LW7U9NL7A7;
				INFOPLIST_FILE = GeradorDeSenhasTests/Info.plist;
				IPHONEOS_DEPLOYMENT_TARGET = 14.4;
				LD_RUNPATH_SEARCH_PATHS = (
					"$(inherited)",
					"@executable_path/Frameworks",
					"@loader_path/Frameworks",
				);
				MTL_FAST_MATH = YES;
				PRODUCT_BUNDLE_IDENTIFIER = com.rolvr.GeradorDeSenhasTests;
				PRODUCT_NAME = "$(TARGET_NAME)";
				SWIFT_VERSION = 5.0;
				TARGETED_DEVICE_FAMILY = "1,2";
				TEST_HOST = "$(BUILT_PRODUCTS_DIR)/GeradorDeSenhas.app/GeradorDeSenhas";
			};
			name = Release;
		};
/* End XCBuildConfiguration section */

/* Begin XCConfigurationList section */
		27C1146B20EEBFDB00869BFF /* Build configuration list for PBXProject "GeradorDeSenhas" */ = {
			isa = XCConfigurationList;
			buildConfigurations = (
				27C1148020EEBFDD00869BFF /* Debug */,
				27C1148120EEBFDD00869BFF /* Release */,
			);
			defaultConfigurationIsVisible = 0;
			defaultConfigurationName = Release;
		};
		27C1148220EEBFDD00869BFF /* Build configuration list for PBXNativeTarget "GeradorDeSenhas" */ = {
			isa = XCConfigurationList;
			buildConfigurations = (
				27C1148320EEBFDD00869BFF /* Debug */,
				27C1148420EEBFDD00869BFF /* Release */,
			);
			defaultConfigurationIsVisible = 0;
			defaultConfigurationName = Release;
		};
		67ED6F6725F8F7CE004E09C7 /* Build configuration list for PBXNativeTarget "GeradorDeSenhasTests" */ = {
			isa = XCConfigurationList;
			buildConfigurations = (
				67ED6F6525F8F7CE004E09C7 /* Debug */,
				67ED6F6625F8F7CE004E09C7 /* Release */,
			);
			defaultConfigurationIsVisible = 0;
			defaultConfigurationName = Release;
		};
/* End XCConfigurationList section */
	};
	rootObject = 27C1146820EEBFDB00869BFF /* Project object */;
}
